
Microsoft Visual Studio Solution File, Format Version 12.00
# Visual Studio Version 17
VisualStudioVersion = 17.5.002.0
MinimumVisualStudioVersion = 10.0.40219.1
Project("{2150E333-8FDC-42A3-9474-1A3956D46DE8}") = "backend", "backend", "{348BB109-B12D-4662-92F9-9A6599A6AF2E}"
EndProject
Project("{9A19103F-16F7-4668-BE54-9A1E7A4F7556}") = "API", "backend\API\API.csproj", "{DD1BAEA6-F259-4821-92F8-67AC6EBA025F}"
EndProject
Global
	GlobalSection(SolutionConfigurationPlatforms) = preSolution
		Debug|Any CPU = Debug|Any CPU
		Release|Any CPU = Release|Any CPU
	EndGlobalSection
	GlobalSection(ProjectConfigurationPlatforms) = postSolution
		{DD1BAEA6-F259-4821-92F8-67AC6EBA025F}.Debug|Any CPU.ActiveCfg = Debug|Any CPU
		{DD1BAEA6-F259-4821-92F8-67AC6EBA025F}.Debug|Any CPU.Build.0 = Debug|Any CPU
		{DD1BAEA6-F259-4821-92F8-67AC6EBA025F}.Release|Any CPU.ActiveCfg = Release|Any CPU
		{DD1BAEA6-F259-4821-92F8-67AC6EBA025F}.Release|Any CPU.Build.0 = Release|Any CPU
	EndGlobalSection
	GlobalSection(SolutionProperties) = preSolution
		HideSolutionNode = FALSE
	EndGlobalSection
	GlobalSection(NestedProjects) = preSolution
		{DD1BAEA6-F259-4821-92F8-67AC6EBA025F} = {348BB109-B12D-4662-92F9-9A6599A6AF2E}
	EndGlobalSection
	GlobalSection(ExtensibilityGlobals) = postSolution
		SolutionGuid = {3A982750-990D-4E82-8F6D-1421D2658CDC}
	EndGlobalSection
EndGlobal
